// !$*UTF8*$!
{
	archiveVersion = 1;
	classes = {
	};
	objectVersion = 51;
	objects = {

/* Begin PBXBuildFile section */
		4452B7EB1DFC03F025662504 /* Pods_Todoey.framework in Frameworks */ = {isa = PBXBuildFile; fileRef = 695810897F11061402560476 /* Pods_Todoey.framework */; };
		DAC7DE3423303F5B0094736F /* AppDelegate.swift in Sources */ = {isa = PBXBuildFile; fileRef = DAC7DE3323303F5B0094736F /* AppDelegate.swift */; };
		DAC7DE3623303F5B0094736F /* ToDoListViewController.swift in Sources */ = {isa = PBXBuildFile; fileRef = DAC7DE3523303F5B0094736F /* ToDoListViewController.swift */; };
		DAC7DE3923303F5B0094736F /* Main.storyboard in Resources */ = {isa = PBXBuildFile; fileRef = DAC7DE3723303F5B0094736F /* Main.storyboard */; };
		DAC7DE3B23303F620094736F /* Assets.xcassets in Resources */ = {isa = PBXBuildFile; fileRef = DAC7DE3A23303F620094736F /* Assets.xcassets */; };
		DAC7DE3E23303F620094736F /* LaunchScreen.storyboard in Resources */ = {isa = PBXBuildFile; fileRef = DAC7DE3C23303F620094736F /* LaunchScreen.storyboard */; };
		DAC7DE702338F19C0094736F /* CategoryViewController.swift in Sources */ = {isa = PBXBuildFile; fileRef = DAC7DE6F2338F19C0094736F /* CategoryViewController.swift */; };
		DAC7DE74233932CF0094736F /* Item.swift in Sources */ = {isa = PBXBuildFile; fileRef = DAC7DE73233932CF0094736F /* Item.swift */; };
		DAC7DE76233932DD0094736F /* Category.swift in Sources */ = {isa = PBXBuildFile; fileRef = DAC7DE75233932DD0094736F /* Category.swift */; };
/* End PBXBuildFile section */

/* Begin PBXFileReference section */
		47EE334AC820E5025E983ED3 /* Pods-Todoey.debug.xcconfig */ = {isa = PBXFileReference; includeInIndex = 1; lastKnownFileType = text.xcconfig; name = "Pods-Todoey.debug.xcconfig"; path = "Target Support Files/Pods-Todoey/Pods-Todoey.debug.xcconfig"; sourceTree = "<group>"; };
		695810897F11061402560476 /* Pods_Todoey.framework */ = {isa = PBXFileReference; explicitFileType = wrapper.framework; includeInIndex = 0; path = Pods_Todoey.framework; sourceTree = BUILT_PRODUCTS_DIR; };
		DAC7DE3023303F5B0094736F /* Todoey.app */ = {isa = PBXFileReference; explicitFileType = wrapper.application; includeInIndex = 0; path = Todoey.app; sourceTree = BUILT_PRODUCTS_DIR; };
		DAC7DE3323303F5B0094736F /* AppDelegate.swift */ = {isa = PBXFileReference; lastKnownFileType = sourcecode.swift; path = AppDelegate.swift; sourceTree = "<group>"; };
		DAC7DE3523303F5B0094736F /* ToDoListViewController.swift */ = {isa = PBXFileReference; lastKnownFileType = sourcecode.swift; name = ToDoListViewController.swift; path = ../ToDoListViewController.swift; sourceTree = "<group>"; };
		DAC7DE3823303F5B0094736F /* Base */ = {isa = PBXFileReference; lastKnownFileType = file.storyboard; name = Base; path = Base.lproj/Main.storyboard; sourceTree = "<group>"; };
		DAC7DE3A23303F620094736F /* Assets.xcassets */ = {isa = PBXFileReference; lastKnownFileType = folder.assetcatalog; path = Assets.xcassets; sourceTree = "<group>"; };
		DAC7DE3D23303F620094736F /* Base */ = {isa = PBXFileReference; lastKnownFileType = file.storyboard; name = Base; path = Base.lproj/LaunchScreen.storyboard; sourceTree = "<group>"; };
		DAC7DE3F23303F620094736F /* Info.plist */ = {isa = PBXFileReference; lastKnownFileType = text.plist.xml; path = Info.plist; sourceTree = "<group>"; };
		DAC7DE6F2338F19C0094736F /* CategoryViewController.swift */ = {isa = PBXFileReference; lastKnownFileType = sourcecode.swift; path = CategoryViewController.swift; sourceTree = "<group>"; };
		DAC7DE73233932CF0094736F /* Item.swift */ = {isa = PBXFileReference; lastKnownFileType = sourcecode.swift; path = Item.swift; sourceTree = "<group>"; };
		DAC7DE75233932DD0094736F /* Category.swift */ = {isa = PBXFileReference; lastKnownFileType = sourcecode.swift; path = Category.swift; sourceTree = "<group>"; };
		F7F567262E055758FA2A3787 /* Pods-Todoey.release.xcconfig */ = {isa = PBXFileReference; includeInIndex = 1; lastKnownFileType = text.xcconfig; name = "Pods-Todoey.release.xcconfig"; path = "Target Support Files/Pods-Todoey/Pods-Todoey.release.xcconfig"; sourceTree = "<group>"; };
/* End PBXFileReference section */

/* Begin PBXFrameworksBuildPhase section */
		DAC7DE2D23303F5B0094736F /* Frameworks */ = {
			isa = PBXFrameworksBuildPhase;
			buildActionMask = 2147483647;
			files = (
				4452B7EB1DFC03F025662504 /* Pods_Todoey.framework in Frameworks */,
			);
			runOnlyForDeploymentPostprocessing = 0;
		};
/* End PBXFrameworksBuildPhase section */

/* Begin PBXGroup section */
		6B14E59860D8ADCA2F520202 /* Frameworks */ = {
			isa = PBXGroup;
			children = (
				695810897F11061402560476 /* Pods_Todoey.framework */,
			);
			name = Frameworks;
			sourceTree = "<group>";
		};
		D1953DB1B16D04BDC903D62A /* Pods */ = {
			isa = PBXGroup;
			children = (
				47EE334AC820E5025E983ED3 /* Pods-Todoey.debug.xcconfig */,
				F7F567262E055758FA2A3787 /* Pods-Todoey.release.xcconfig */,
			);
			path = Pods;
			sourceTree = "<group>";
		};
		DAC7DE2723303F5B0094736F = {
			isa = PBXGroup;
			children = (
				DAC7DE3223303F5B0094736F /* Todoey */,
				DAC7DE3123303F5B0094736F /* Products */,
				D1953DB1B16D04BDC903D62A /* Pods */,
				6B14E59860D8ADCA2F520202 /* Frameworks */,
			);
			sourceTree = "<group>";
		};
		DAC7DE3123303F5B0094736F /* Products */ = {
			isa = PBXGroup;
			children = (
				DAC7DE3023303F5B0094736F /* Todoey.app */,
			);
			name = Products;
			sourceTree = "<group>";
		};
		DAC7DE3223303F5B0094736F /* Todoey */ = {
			isa = PBXGroup;
			children = (
				DAC7DE3323303F5B0094736F /* AppDelegate.swift */,
				DAC7DE48233158870094736F /* Controllers */,
				DAC7DE47233158400094736F /* Data Model */,
				DAC7DE49233158A00094736F /* Views */,
				DAC7DE4A233158CA0094736F /* Supporting Files */,
				DAC7DE3F23303F620094736F /* Info.plist */,
			);
			path = Todoey;
			sourceTree = "<group>";
		};
		DAC7DE47233158400094736F /* Data Model */ = {
			isa = PBXGroup;
			children = (
				DAC7DE75233932DD0094736F /* Category.swift */,
				DAC7DE73233932CF0094736F /* Item.swift */,
			);
			path = "Data Model";
			sourceTree = "<group>";
		};
		DAC7DE48233158870094736F /* Controllers */ = {
			isa = PBXGroup;
			children = (
				DAC7DE6F2338F19C0094736F /* CategoryViewController.swift */,
				DAC7DE3523303F5B0094736F /* ToDoListViewController.swift */,
			);
			path = Controllers;
			sourceTree = "<group>";
		};
		DAC7DE49233158A00094736F /* Views */ = {
			isa = PBXGroup;
			children = (
				DAC7DE3723303F5B0094736F /* Main.storyboard */,
			);
			path = Views;
			sourceTree = "<group>";
		};
		DAC7DE4A233158CA0094736F /* Supporting Files */ = {
			isa = PBXGroup;
			children = (
				DAC7DE3A23303F620094736F /* Assets.xcassets */,
				DAC7DE3C23303F620094736F /* LaunchScreen.storyboard */,
			);
			path = "Supporting Files";
			sourceTree = "<group>";
		};
/* End PBXGroup section */

/* Begin PBXNativeTarget section */
		DAC7DE2F23303F5B0094736F /* Todoey */ = {
			isa = PBXNativeTarget;
			buildConfigurationList = DAC7DE4223303F620094736F /* Build configuration list for PBXNativeTarget "Todoey" */;
			buildPhases = (
				DA440D0900C36ED6ACCCFD67 /* [CP] Check Pods Manifest.lock */,
				DAC7DE2C23303F5B0094736F /* Sources */,
				DAC7DE2D23303F5B0094736F /* Frameworks */,
				DAC7DE2E23303F5B0094736F /* Resources */,
				438E510E08D3688202DBCEE3 /* [CP] Embed Pods Frameworks */,
			);
			buildRules = (
			);
			dependencies = (
			);
			name = Todoey;
			productName = Todoey;
			productReference = DAC7DE3023303F5B0094736F /* Todoey.app */;
			productType = "com.apple.product-type.application";
		};
/* End PBXNativeTarget section */

/* Begin PBXProject section */
		DAC7DE2823303F5B0094736F /* Project object */ = {
			isa = PBXProject;
			attributes = {
				LastSwiftUpdateCheck = 1030;
				LastUpgradeCheck = 1030;
				ORGANIZATIONNAME = "Ayhan Okcular";
				TargetAttributes = {
					DAC7DE2F23303F5B0094736F = {
						CreatedOnToolsVersion = 10.3;
					};
				};
			};
			buildConfigurationList = DAC7DE2B23303F5B0094736F /* Build configuration list for PBXProject "Todoey" */;
			compatibilityVersion = "Xcode 9.3";
			developmentRegion = en;
			hasScannedForEncodings = 0;
			knownRegions = (
				en,
				Base,
			);
			mainGroup = DAC7DE2723303F5B0094736F;
			productRefGroup = DAC7DE3123303F5B0094736F /* Products */;
			projectDirPath = "";
			projectRoot = "";
			targets = (
				DAC7DE2F23303F5B0094736F /* Todoey */,
			);
		};
/* End PBXProject section */

/* Begin PBXResourcesBuildPhase section */
		DAC7DE2E23303F5B0094736F /* Resources */ = {
			isa = PBXResourcesBuildPhase;
			buildActionMask = 2147483647;
			files = (
				DAC7DE3E23303F620094736F /* LaunchScreen.storyboard in Resources */,
				DAC7DE3B23303F620094736F /* Assets.xcassets in Resources */,
				DAC7DE3923303F5B0094736F /* Main.storyboard in Resources */,
			);
			runOnlyForDeploymentPostprocessing = 0;
		};
/* End PBXResourcesBuildPhase section */

/* Begin PBXShellScriptBuildPhase section */
		438E510E08D3688202DBCEE3 /* [CP] Embed Pods Frameworks */ = {
			isa = PBXShellScriptBuildPhase;
			buildActionMask = 2147483647;
			files = (
			);
			inputFileListPaths = (
				"${PODS_ROOT}/Target Support Files/Pods-Todoey/Pods-Todoey-frameworks-${CONFIGURATION}-input-files.xcfilelist",
			);
			name = "[CP] Embed Pods Frameworks";
			outputFileListPaths = (
				"${PODS_ROOT}/Target Support Files/Pods-Todoey/Pods-Todoey-frameworks-${CONFIGURATION}-output-files.xcfilelist",
			);
			runOnlyForDeploymentPostprocessing = 0;
			shellPath = /bin/sh;
			shellScript = "\"${PODS_ROOT}/Target Support Files/Pods-Todoey/Pods-Todoey-frameworks.sh\"\n";
			showEnvVarsInLog = 0;
		};
		DA440D0900C36ED6ACCCFD67 /* [CP] Check Pods Manifest.lock */ = {
			isa = PBXShellScriptBuildPhase;
			buildActionMask = 2147483647;
			files = (
			);
			inputFileListPaths = (
			);
			inputPaths = (
				"${PODS_PODFILE_DIR_PATH}/Podfile.lock",
				"${PODS_ROOT}/Manifest.lock",
			);
			name = "[CP] Check Pods Manifest.lock";
			outputFileListPaths = (
			);
			outputPaths = (
				"$(DERIVED_FILE_DIR)/Pods-Todoey-checkManifestLockResult.txt",
			);
			runOnlyForDeploymentPostprocessing = 0;
			shellPath = /bin/sh;
			shellScript = "diff \"${PODS_PODFILE_DIR_PATH}/Podfile.lock\" \"${PODS_ROOT}/Manifest.lock\" > /dev/null\nif [ $? != 0 ] ; then\n    # print error to STDERR\n    echo \"error: The sandbox is not in sync with the Podfile.lock. Run 'pod install' or update your CocoaPods installation.\" >&2\n    exit 1\nfi\n# This output is used by Xcode 'outputs' to avoid re-running this script phase.\necho \"SUCCESS\" > \"${SCRIPT_OUTPUT_FILE_0}\"\n";
			showEnvVarsInLog = 0;
		};
/* End PBXShellScriptBuildPhase section */

/* Begin PBXSourcesBuildPhase section */
		DAC7DE2C23303F5B0094736F /* Sources */ = {
			isa = PBXSourcesBuildPhase;
			buildActionMask = 2147483647;
			files = (
				DAC7DE74233932CF0094736F /* Item.swift in Sources */,
				DAC7DE702338F19C0094736F /* CategoryViewController.swift in Sources */,
				DAC7DE3623303F5B0094736F /* ToDoListViewController.swift in Sources */,
				DAC7DE3423303F5B0094736F /* AppDelegate.swift in Sources */,
				DAC7DE76233932DD0094736F /* Category.swift in Sources */,
			);
			runOnlyForDeploymentPostprocessing = 0;
		};
/* End PBXSourcesBuildPhase section */

/* Begin PBXVariantGroup section */
		DAC7DE3723303F5B0094736F /* Main.storyboard */ = {
			isa = PBXVariantGroup;
			children = (
				DAC7DE3823303F5B0094736F /* Base */,
			);
			name = Main.storyboard;
			sourceTree = "<group>";
		};
		DAC7DE3C23303F620094736F /* LaunchScreen.storyboard */ = {
			isa = PBXVariantGroup;
			children = (
				DAC7DE3D23303F620094736F /* Base */,
			);
			name = LaunchScreen.storyboard;
			sourceTree = "<group>";
		};
/* End PBXVariantGroup section */

/* Begin XCBuildConfiguration section */
		DAC7DE4023303F620094736F /* Debug */ = {
			isa = XCBuildConfiguration;
			buildSettings = {
				ALWAYS_SEARCH_USER_PATHS = NO;
				CLANG_ANALYZER_NONNULL = YES;
				CLANG_ANALYZER_NUMBER_OBJECT_CONVERSION = YES_AGGRESSIVE;
				CLANG_CXX_LANGUAGE_STANDARD = "gnu++14";
				CLANG_CXX_LIBRARY = "libc++";
				CLANG_ENABLE_MODULES = YES;
				CLANG_ENABLE_OBJC_ARC = YES;
				CLANG_ENABLE_OBJC_WEAK = YES;
				CLANG_WARN_BLOCK_CAPTURE_AUTORELEASING = YES;
				CLANG_WARN_BOOL_CONVERSION = YES;
				CLANG_WARN_COMMA = YES;
				CLANG_WARN_CONSTANT_CONVERSION = YES;
				CLANG_WARN_DEPRECATED_OBJC_IMPLEMENTATIONS = YES;
				CLANG_WARN_DIRECT_OBJC_ISA_USAGE = YES_ERROR;
				CLANG_WARN_DOCUMENTATION_COMMENTS = YES;
				CLANG_WARN_EMPTY_BODY = YES;
				CLANG_WARN_ENUM_CONVERSION = YES;
				CLANG_WARN_INFINITE_RECURSION = YES;
				CLANG_WARN_INT_CONVERSION = YES;
				CLANG_WARN_NON_LITERAL_NULL_CONVERSION = YES;
				CLANG_WARN_OBJC_IMPLICIT_RETAIN_SELF = YES;
				CLANG_WARN_OBJC_LITERAL_CONVERSION = YES;
				CLANG_WARN_OBJC_ROOT_CLASS = YES_ERROR;
				CLANG_WARN_RANGE_LOOP_ANALYSIS = YES;
				CLANG_WARN_STRICT_PROTOTYPES = YES;
				CLANG_WARN_SUSPICIOUS_MOVE = YES;
				CLANG_WARN_UNGUARDED_AVAILABILITY = YES_AGGRESSIVE;
				CLANG_WARN_UNREACHABLE_CODE = YES;
				CLANG_WARN__DUPLICATE_METHOD_MATCH = YES;
				CODE_SIGN_IDENTITY = "iPhone Developer";
				COPY_PHASE_STRIP = NO;
				DEBUG_INFORMATION_FORMAT = dwarf;
				ENABLE_STRICT_OBJC_MSGSEND = YES;
				ENABLE_TESTABILITY = YES;
				GCC_C_LANGUAGE_STANDARD = gnu11;
				GCC_DYNAMIC_NO_PIC = NO;
				GCC_NO_COMMON_BLOCKS = YES;
				GCC_OPTIMIZATION_LEVEL = 0;
				GCC_PREPROCESSOR_DEFINITIONS = (
					"DEBUG=1",
					"$(inherited)",
				);
				GCC_WARN_64_TO_32_BIT_CONVERSION = YES;
				GCC_WARN_ABOUT_RETURN_TYPE = YES_ERROR;
				GCC_WARN_UNDECLARED_SELECTOR = YES;
				GCC_WARN_UNINITIALIZED_AUTOS = YES_AGGRESSIVE;
				GCC_WARN_UNUSED_FUNCTION = YES;
				GCC_WARN_UNUSED_VARIABLE = YES;
				IPHONEOS_DEPLOYMENT_TARGET = 12.4;
				MTL_ENABLE_DEBUG_INFO = INCLUDE_SOURCE;
				MTL_FAST_MATH = YES;
				ONLY_ACTIVE_ARCH = YES;
				SDKROOT = iphoneos;
				SWIFT_ACTIVE_COMPILATION_CONDITIONS = DEBUG;
				SWIFT_OPTIMIZATION_LEVEL = "-Onone";
			};
			name = Debug;
		};
		DAC7DE4123303F620094736F /* Release */ = {
			isa = XCBuildConfiguration;
			buildSettings = {
				ALWAYS_SEARCH_USER_PATHS = NO;
				CLANG_ANALYZER_NONNULL = YES;
				CLANG_ANALYZER_NUMBER_OBJECT_CONVERSION = YES_AGGRESSIVE;
				CLANG_CXX_LANGUAGE_STANDARD = "gnu++14";
				CLANG_CXX_LIBRARY = "libc++";
				CLANG_ENABLE_MODULES = YES;
				CLANG_ENABLE_OBJC_ARC = YES;
				CLANG_ENABLE_OBJC_WEAK = YES;
				CLANG_WARN_BLOCK_CAPTURE_AUTORELEASING = YES;
				CLANG_WARN_BOOL_CONVERSION = YES;
				CLANG_WARN_COMMA = YES;
				CLANG_WARN_CONSTANT_CONVERSION = YES;
				CLANG_WARN_DEPRECATED_OBJC_IMPLEMENTATIONS = YES;
				CLANG_WARN_DIRECT_OBJC_ISA_USAGE = YES_ERROR;
				CLANG_WARN_DOCUMENTATION_COMMENTS = YES;
				CLANG_WARN_EMPTY_BODY = YES;
				CLANG_WARN_ENUM_CONVERSION = YES;
				CLANG_WARN_INFINITE_RECURSION = YES;
				CLANG_WARN_INT_CONVERSION = YES;
				CLANG_WARN_NON_LITERAL_NULL_CONVERSION = YES;
				CLANG_WARN_OBJC_IMPLICIT_RETAIN_SELF = YES;
				CLANG_WARN_OBJC_LITERAL_CONVERSION = YES;
				CLANG_WARN_OBJC_ROOT_CLASS = YES_ERROR;
				CLANG_WARN_RANGE_LOOP_ANALYSIS = YES;
				CLANG_WARN_STRICT_PROTOTYPES = YES;
				CLANG_WARN_SUSPICIOUS_MOVE = YES;
				CLANG_WARN_UNGUARDED_AVAILABILITY = YES_AGGRESSIVE;
				CLANG_WARN_UNREACHABLE_CODE = YES;
				CLANG_WARN__DUPLICATE_METHOD_MATCH = YES;
				CODE_SIGN_IDENTITY = "iPhone Developer";
				COPY_PHASE_STRIP = NO;
				DEBUG_INFORMATION_FORMAT = "dwarf-with-dsym";
				ENABLE_NS_ASSERTIONS = NO;
				ENABLE_STRICT_OBJC_MSGSEND = YES;
				GCC_C_LANGUAGE_STANDARD = gnu11;
				GCC_NO_COMMON_BLOCKS = YES;
				GCC_WARN_64_TO_32_BIT_CONVERSION = YES;
				GCC_WARN_ABOUT_RETURN_TYPE = YES_ERROR;
				GCC_WARN_UNDECLARED_SELECTOR = YES;
				GCC_WARN_UNINITIALIZED_AUTOS = YES_AGGRESSIVE;
				GCC_WARN_UNUSED_FUNCTION = YES;
				GCC_WARN_UNUSED_VARIABLE = YES;
				IPHONEOS_DEPLOYMENT_TARGET = 12.4;
				MTL_ENABLE_DEBUG_INFO = NO;
				MTL_FAST_MATH = YES;
				SDKROOT = iphoneos;
				SWIFT_COMPILATION_MODE = wholemodule;
				SWIFT_OPTIMIZATION_LEVEL = "-O";
				VALIDATE_PRODUCT = YES;
			};
			name = Release;
		};
		DAC7DE4323303F620094736F /* Debug */ = {
			isa = XCBuildConfiguration;
			baseConfigurationReference = 47EE334AC820E5025E983ED3 /* Pods-Todoey.debug.xcconfig */;
			buildSettings = {
				ASSETCATALOG_COMPILER_APPICON_NAME = AppIcon;
				CODE_SIGN_STYLE = Automatic;
				DEVELOPMENT_TEAM = 6VBL6MGSU4;
				INFOPLIST_FILE = Todoey/Info.plist;
				LD_RUNPATH_SEARCH_PATHS = (
					"$(inherited)",
					"@executable_path/Frameworks",
				);
				PRODUCT_BUNDLE_IDENTIFIER = com.okcularayhan.Todoey;
				PRODUCT_NAME = "$(TARGET_NAME)";
				SWIFT_VERSION = 5.0;
				TARGETED_DEVICE_FAMILY = "1,2";
			};
			name = Debug;
		};
		DAC7DE4423303F620094736F /* Release */ = {
			isa = XCBuildConfiguration;
			baseConfigurationReference = F7F567262E055758FA2A3787 /* Pods-Todoey.release.xcconfig */;
			buildSettings = {
				ASSETCATALOG_COMPILER_APPICON_NAME = AppIcon;
				CODE_SIGN_STYLE = Automatic;
				DEVELOPMENT_TEAM = 6VBL6MGSU4;
				INFOPLIST_FILE = Todoey/Info.plist;
				LD_RUNPATH_SEARCH_PATHS = (
					"$(inherited)",
					"@executable_path/Frameworks",
				);
				PRODUCT_BUNDLE_IDENTIFIER = com.okcularayhan.Todoey;
				PRODUCT_NAME = "$(TARGET_NAME)";
				SWIFT_VERSION = 5.0;
				TARGETED_DEVICE_FAMILY = "1,2";
			};
			name = Release;
		};
/* End XCBuildConfiguration section */

/* Begin XCConfigurationList section */
		DAC7DE2B23303F5B0094736F /* Build configuration list for PBXProject "Todoey" */ = {
			isa = XCConfigurationList;
			buildConfigurations = (
				DAC7DE4023303F620094736F /* Debug */,
				DAC7DE4123303F620094736F /* Release */,
			);
			defaultConfigurationIsVisible = 0;
			defaultConfigurationName = Release;
		};
		DAC7DE4223303F620094736F /* Build configuration list for PBXNativeTarget "Todoey" */ = {
			isa = XCConfigurationList;
			buildConfigurations = (
				DAC7DE4323303F620094736F /* Debug */,
				DAC7DE4423303F620094736F /* Release */,
			);
			defaultConfigurationIsVisible = 0;
			defaultConfigurationName = Release;
		};
/* End XCConfigurationList section */
	};
	rootObject = DAC7DE2823303F5B0094736F /* Project object */;
}
